{
  "name": "calm-go-hathora-server",
  "version": "0.0.1",
  "lockfileVersion": 2,
  "requires": true,
  "packages": {
    "": {
      "name": "calm-go-hathora-server",
      "version": "0.0.1",
      "dependencies": {
        "@sabaki/go-board": "^1.4.3",
        "@sabaki/immutable-gametree": "^1.9.4",
        "@sabaki/influence": "^1.2.2",
        "@sabaki/sgf": "^3.4.7"
      },
      "devDependencies": {
        "typescript": "^4.5.2"
      }
    },
    "node_modules/@sabaki/go-board": {
      "version": "1.4.3",
      "resolved": "https://registry.npmjs.org/@sabaki/go-board/-/go-board-1.4.3.tgz",
      "integrity": "sha512-tXonP7vw7bYcXKSVrN1bhkb/QQi5EfTbDSflBffSp2iabbFbz4JyhEyw0ekbuwR0ntBq6iHky6BfCGF69Z4ttg=="
    },
    "node_modules/@sabaki/immutable-gametree": {
      "version": "1.9.4",
      "resolved": "https://registry.npmjs.org/@sabaki/immutable-gametree/-/immutable-gametree-1.9.4.tgz",
      "integrity": "sha512-7DKEu/0zYOrPKCaj54zkHxdxw2sRUOki+br6NxT2sbhLiXNCDjKj1nSvGyMD9TdKzM2e4B/kFm58rE9bk6dpKQ=="
    },
    "node_modules/@sabaki/influence": {
      "version": "1.2.2",
      "resolved": "https://registry.npmjs.org/@sabaki/influence/-/influence-1.2.2.tgz",
      "integrity": "sha512-VaySQcgFFgPsGmzZJ2AE97g0b6+9bBxEZlCmS++cyJ9GboLwoXjGZa4vGKdY3zXvzngzSEwQWu3PrONfZOFthw=="
    },
    "node_modules/@sabaki/sgf": {
      "version": "3.4.7",
      "resolved": "https://registry.npmjs.org/@sabaki/sgf/-/sgf-3.4.7.tgz",
      "integrity": "sha512-513CQMEejYVqaIKWK+P3AL1TXv2cqdUVOI+3mJDGcDEw5fWlz8puEYn+aQrGjnxJrn5XUUX0fefndEJbam65Sw==",
      "dependencies": {
        "doken": "^1.0.0"
      },
      "optionalDependencies": {
        "iconv-lite": "0.4.x",
        "jschardet": ">=1.0 <3"
      }
    },
    "node_modules/doken": {
      "version": "1.0.2",
      "resolved": "https://registry.npmjs.org/doken/-/doken-1.0.2.tgz",
      "integrity": "sha512-JSVsMxaB5yikb6wBDQTGIcyNyUytrYQE7WGyGAC0EoFunUTV7Wag4p5JC2bXKuTfD7t847dy7TWcwyETUbYAiw=="
    },
    "node_modules/iconv-lite": {
      "version": "0.4.24",
      "resolved": "https://registry.npmjs.org/iconv-lite/-/iconv-lite-0.4.24.tgz",
      "integrity": "sha512-v3MXnZAcvnywkTUEZomIActle7RXXeedOR31wwl7VlyoXO4Qi9arvSenNQWne1TcRwhCL1HwLI21bEqdpj8/rA==",
      "optional": true,
      "dependencies": {
        "safer-buffer": ">= 2.1.2 < 3"
      },
      "engines": {
        "node": ">=0.10.0"
      }
    },
    "node_modules/jschardet": {
      "version": "2.3.0",
      "resolved": "https://registry.npmjs.org/jschardet/-/jschardet-2.3.0.tgz",
      "integrity": "sha512-6I6xT7XN/7sBB7q8ObzKbmv5vN+blzLcboDE1BNEsEfmRXJValMxO6OIRT69ylPBRemS3rw6US+CMCar0OBc9g==",
      "optional": true,
      "engines": {
        "node": ">=0.1.90"
      }
    },
    "node_modules/safer-buffer": {
      "version": "2.1.2",
      "resolved": "https://registry.npmjs.org/safer-buffer/-/safer-buffer-2.1.2.tgz",
      "integrity": "sha512-YZo3K82SD7Riyi0E1EQPojLz7kpepnSQI9IyPbHHg1XXXevb5dJI7tpyN2ADxGcQbHG7vcyRHk0cbwqcQriUtg==",
      "optional": true
    },
    "node_modules/typescript": {
      "version": "4.5.5",
      "resolved": "https://registry.npmjs.org/typescript/-/typescript-4.5.5.tgz",
      "integrity": "sha512-TCTIul70LyWe6IJWT8QSYeA54WQe8EjQFU4wY52Fasj5UKx88LNYKCgBEHcOMOrFF1rKGbD8v/xcNWVUq9SymA==",
      "dev": true,
      "bin": {
        "tsc": "bin/tsc",
        "tsserver": "bin/tsserver"
      },
      "engines": {
        "node": ">=4.2.0"
      }
    }
  },
  "dependencies": {
    "@sabaki/go-board": {
      "version": "1.4.3",
      "resolved": "https://registry.npmjs.org/@sabaki/go-board/-/go-board-1.4.3.tgz",
      "integrity": "sha512-tXonP7vw7bYcXKSVrN1bhkb/QQi5EfTbDSflBffSp2iabbFbz4JyhEyw0ekbuwR0ntBq6iHky6BfCGF69Z4ttg=="
    },
    "@sabaki/immutable-gametree": {
      "version": "1.9.4",
      "resolved": "https://registry.npmjs.org/@sabaki/immutable-gametree/-/immutable-gametree-1.9.4.tgz",
      "integrity": "sha512-7DKEu/0zYOrPKCaj54zkHxdxw2sRUOki+br6NxT2sbhLiXNCDjKj1nSvGyMD9TdKzM2e4B/kFm58rE9bk6dpKQ=="
    },
    "@sabaki/influence": {
      "version": "1.2.2",
      "resolved": "https://registry.npmjs.org/@sabaki/influence/-/influence-1.2.2.tgz",
      "integrity": "sha512-VaySQcgFFgPsGmzZJ2AE97g0b6+9bBxEZlCmS++cyJ9GboLwoXjGZa4vGKdY3zXvzngzSEwQWu3PrONfZOFthw=="
    },
    "@sabaki/sgf": {
      "version": "3.4.7",
      "resolved": "https://registry.npmjs.org/@sabaki/sgf/-/sgf-3.4.7.tgz",
      "integrity": "sha512-513CQMEejYVqaIKWK+P3AL1TXv2cqdUVOI+3mJDGcDEw5fWlz8puEYn+aQrGjnxJrn5XUUX0fefndEJbam65Sw==",
      "requires": {
        "doken": "^1.0.0",
        "iconv-lite": "0.4.x",
        "jschardet": ">=1.0 <3"
      }
    },
    "doken": {
      "version": "1.0.2",
      "resolved": "https://registry.npmjs.org/doken/-/doken-1.0.2.tgz",
      "integrity": "sha512-JSVsMxaB5yikb6wBDQTGIcyNyUytrYQE7WGyGAC0EoFunUTV7Wag4p5JC2bXKuTfD7t847dy7TWcwyETUbYAiw=="
    },
    "iconv-lite": {
      "version": "0.4.24",
      "resolved": "https://registry.npmjs.org/iconv-lite/-/iconv-lite-0.4.24.tgz",
      "integrity": "sha512-v3MXnZAcvnywkTUEZomIActle7RXXeedOR31wwl7VlyoXO4Qi9arvSenNQWne1TcRwhCL1HwLI21bEqdpj8/rA==",
      "optional": true,
      "requires": {
        "safer-buffer": ">= 2.1.2 < 3"
      }
    },
    "jschardet": {
      "version": "2.3.0",
      "resolved": "https://registry.npmjs.org/jschardet/-/jschardet-2.3.0.tgz",
      "integrity": "sha512-6I6xT7XN/7sBB7q8ObzKbmv5vN+blzLcboDE1BNEsEfmRXJValMxO6OIRT69ylPBRemS3rw6US+CMCar0OBc9g==",
      "optional": true
    },
    "safer-buffer": {
      "version": "2.1.2",
      "resolved": "https://registry.npmjs.org/safer-buffer/-/safer-buffer-2.1.2.tgz",
      "integrity": "sha512-YZo3K82SD7Riyi0E1EQPojLz7kpepnSQI9IyPbHHg1XXXevb5dJI7tpyN2ADxGcQbHG7vcyRHk0cbwqcQriUtg==",
      "optional": true
    },
    "typescript": {
      "version": "4.5.5",
      "resolved": "https://registry.npmjs.org/typescript/-/typescript-4.5.5.tgz",
      "integrity": "sha512-TCTIul70LyWe6IJWT8QSYeA54WQe8EjQFU4wY52Fasj5UKx88LNYKCgBEHcOMOrFF1rKGbD8v/xcNWVUq9SymA==",
      "dev": true
    }
  }
}
